// !$*UTF8*$!
{
	archiveVersion = 1;
	classes = {
	};
	objectVersion = 56;
	objects = {

/* Begin PBXBuildFile section */
		B566E1B12BBE5CDC00A843B4 /* AboutTableViewController.swift in Sources */ = {isa = PBXBuildFile; fileRef = B566E1B02BBE5CDC00A843B4 /* AboutTableViewController.swift */; };
		B566E1B32BBE67A200A843B4 /* WebViewController.swift in Sources */ = {isa = PBXBuildFile; fileRef = B566E1B22BBE67A200A843B4 /* WebViewController.swift */; };
		B566E1B52BC258EE00A843B4 /* TabBarController.swift in Sources */ = {isa = PBXBuildFile; fileRef = B566E1B42BC258EE00A843B4 /* TabBarController.swift */; };
		B566E1E42BC78BE100A843B4 /* ActivityDetailView.swift in Sources */ = {isa = PBXBuildFile; fileRef = B566E1E32BC78BE100A843B4 /* ActivityDetailView.swift */; };
		B566E1E82BCCAEB600A843B4 /* ActivityDetailFooterView.swift in Sources */ = {isa = PBXBuildFile; fileRef = B566E1E72BCCAEB600A843B4 /* ActivityDetailFooterView.swift */; };
		B566E1EA2BCF4B3D00A843B4 /* ReviewView.swift in Sources */ = {isa = PBXBuildFile; fileRef = B566E1E92BCF4B3D00A843B4 /* ReviewView.swift */; };
		B566E1EC2BD0D2D300A843B4 /* NewActivityPhotoCell.swift in Sources */ = {isa = PBXBuildFile; fileRef = B566E1EB2BD0D2D300A843B4 /* NewActivityPhotoCell.swift */; };
		B566E1EE2BD0D59A00A843B4 /* NewActivityTextFieldCell.swift in Sources */ = {isa = PBXBuildFile; fileRef = B566E1ED2BD0D59A00A843B4 /* NewActivityTextFieldCell.swift */; };
		B566E1F02BD0DE0600A843B4 /* NewActivityDescriptionTextCell.swift in Sources */ = {isa = PBXBuildFile; fileRef = B566E1EF2BD0DE0600A843B4 /* NewActivityDescriptionTextCell.swift */; };
		B566E2142BD7703500A843B4 /* AboutImageView.swift in Sources */ = {isa = PBXBuildFile; fileRef = B566E2132BD7703500A843B4 /* AboutImageView.swift */; };
		B566E2162BD772A100A843B4 /* AboutTableViewCell.swift in Sources */ = {isa = PBXBuildFile; fileRef = B566E2152BD772A100A843B4 /* AboutTableViewCell.swift */; };
		B566E2182BD9EA3D00A843B4 /* DiscoverTableViewController.swift in Sources */ = {isa = PBXBuildFile; fileRef = B566E2172BD9EA3D00A843B4 /* DiscoverTableViewController.swift */; };
		B566E2202BDCAD5200A843B4 /* ActivitiesData.swift in Sources */ = {isa = PBXBuildFile; fileRef = B566E21F2BDCAD5200A843B4 /* ActivitiesData.swift */; };
		B566E2222BDCAD6300A843B4 /* NetworkManager.swift in Sources */ = {isa = PBXBuildFile; fileRef = B566E2212BDCAD6300A843B4 /* NetworkManager.swift */; };
		B56E13902B8C0AD7005B027C /* AppDelegate.swift in Sources */ = {isa = PBXBuildFile; fileRef = B56E138F2B8C0AD7005B027C /* AppDelegate.swift */; };
		B56E13922B8C0AD7005B027C /* SceneDelegate.swift in Sources */ = {isa = PBXBuildFile; fileRef = B56E13912B8C0AD7005B027C /* SceneDelegate.swift */; };
		B56E13992B8C0AD8005B027C /* Assets.xcassets in Resources */ = {isa = PBXBuildFile; fileRef = B56E13982B8C0AD8005B027C /* Assets.xcassets */; };
		B56E13A42B8C0B3C005B027C /* ActivitiesTableViewController.swift in Sources */ = {isa = PBXBuildFile; fileRef = B56E13A32B8C0B3C005B027C /* ActivitiesTableViewController.swift */; };
		B56E13A62B8C116B005B027C /* ActivitiesTableViewCell.swift in Sources */ = {isa = PBXBuildFile; fileRef = B56E13A52B8C116B005B027C /* ActivitiesTableViewCell.swift */; };
		B56E13AD2B8C5F79005B027C /* Activity.swift in Sources */ = {isa = PBXBuildFile; fileRef = B56E13AC2B8C5F79005B027C /* Activity.swift */; };
		B5ECD3342B8DB826005B5F53 /* ActivityTableViewDiffableDataSource.swift in Sources */ = {isa = PBXBuildFile; fileRef = B5ECD3332B8DB826005B5F53 /* ActivityTableViewDiffableDataSource.swift */; };
		B5ECD3382B901291005B5F53 /* ActivityDetailViewController.swift in Sources */ = {isa = PBXBuildFile; fileRef = B5ECD3372B901290005B5F53 /* ActivityDetailViewController.swift */; };
		B5ECD34D2B91A2C9005B5F53 /* Nunito-Bold.ttf in Resources */ = {isa = PBXBuildFile; fileRef = B5ECD34B2B91A2C9005B5F53 /* Nunito-Bold.ttf */; };
		B5ECD34E2B91A2C9005B5F53 /* Nunito-Regular.ttf in Resources */ = {isa = PBXBuildFile; fileRef = B5ECD34C2B91A2C9005B5F53 /* Nunito-Regular.ttf */; };
		B5ECD3502B91A371005B5F53 /* ActivityDetailHeaderView.swift in Sources */ = {isa = PBXBuildFile; fileRef = B5ECD34F2B91A371005B5F53 /* ActivityDetailHeaderView.swift */; };
		B5ECD3522B92CF99005B5F53 /* ActivityDetailTextCell.swift in Sources */ = {isa = PBXBuildFile; fileRef = B5ECD3512B92CF99005B5F53 /* ActivityDetailTextCell.swift */; };
		B5ECD3542B92CFF2005B5F53 /* ActivityDetailTwoColumnCell.swift in Sources */ = {isa = PBXBuildFile; fileRef = B5ECD3532B92CFF2005B5F53 /* ActivityDetailTwoColumnCell.swift */; };
		B5ECD35C2B95A1BA005B5F53 /* UIColorExtension.swift in Sources */ = {isa = PBXBuildFile; fileRef = B5ECD35B2B95A1BA005B5F53 /* UIColorExtension.swift */; };
		B5ECD3642B97DA7D005B5F53 /* ActivityDetailMapCell.swift in Sources */ = {isa = PBXBuildFile; fileRef = B5ECD3632B97DA7D005B5F53 /* ActivityDetailMapCell.swift */; };
		B5ECD3662B97DF72005B5F53 /* MapViewController.swift in Sources */ = {isa = PBXBuildFile; fileRef = B5ECD3652B97DF72005B5F53 /* MapViewController.swift */; };
		B5ECD36A2B99E0F8005B5F53 /* ReviewViewController.swift in Sources */ = {isa = PBXBuildFile; fileRef = B5ECD3692B99E0F8005B5F53 /* ReviewViewController.swift */; };
		B5ECD3702BA0067A005B5F53 /* RoundedTextField.swift in Sources */ = {isa = PBXBuildFile; fileRef = B5ECD36F2BA0067A005B5F53 /* RoundedTextField.swift */; };
		B5ECD3722BA0081A005B5F53 /* NewActivityController.swift in Sources */ = {isa = PBXBuildFile; fileRef = B5ECD3712BA0081A005B5F53 /* NewActivityController.swift */; };
		B5FB85A92BA2B21E0085D241 /* ActivitiesNM.xcdatamodeld in Sources */ = {isa = PBXBuildFile; fileRef = B5FB85A72BA2B21E0085D241 /* ActivitiesNM.xcdatamodeld */; };
/* End PBXBuildFile section */

/* Begin PBXContainerItemProxy section */
		B54C36592C156D71007FD4E7 /* PBXContainerItemProxy */ = {
			isa = PBXContainerItemProxy;
			containerPortal = B56E13842B8C0AD7005B027C /* Project object */;
			proxyType = 1;
			remoteGlobalIDString = B56E138B2B8C0AD7005B027C;
			remoteInfo = ActivitiesNM;
		};
/* End PBXContainerItemProxy section */

/* Begin PBXFileReference section */
		B54C36552C156D71007FD4E7 /* ActivitiesNMTests.xctest */ = {isa = PBXFileReference; explicitFileType = wrapper.cfbundle; includeInIndex = 0; path = ActivitiesNMTests.xctest; sourceTree = BUILT_PRODUCTS_DIR; };
		B566E1B02BBE5CDC00A843B4 /* AboutTableViewController.swift */ = {isa = PBXFileReference; lastKnownFileType = sourcecode.swift; path = AboutTableViewController.swift; sourceTree = "<group>"; };
		B566E1B22BBE67A200A843B4 /* WebViewController.swift */ = {isa = PBXFileReference; lastKnownFileType = sourcecode.swift; path = WebViewController.swift; sourceTree = "<group>"; };
		B566E1B42BC258EE00A843B4 /* TabBarController.swift */ = {isa = PBXFileReference; lastKnownFileType = sourcecode.swift; path = TabBarController.swift; sourceTree = "<group>"; };
		B566E1E32BC78BE100A843B4 /* ActivityDetailView.swift */ = {isa = PBXFileReference; lastKnownFileType = sourcecode.swift; path = ActivityDetailView.swift; sourceTree = "<group>"; };
		B566E1E72BCCAEB600A843B4 /* ActivityDetailFooterView.swift */ = {isa = PBXFileReference; lastKnownFileType = sourcecode.swift; path = ActivityDetailFooterView.swift; sourceTree = "<group>"; };
		B566E1E92BCF4B3D00A843B4 /* ReviewView.swift */ = {isa = PBXFileReference; lastKnownFileType = sourcecode.swift; path = ReviewView.swift; sourceTree = "<group>"; };
		B566E1EB2BD0D2D300A843B4 /* NewActivityPhotoCell.swift */ = {isa = PBXFileReference; lastKnownFileType = sourcecode.swift; path = NewActivityPhotoCell.swift; sourceTree = "<group>"; };
		B566E1ED2BD0D59A00A843B4 /* NewActivityTextFieldCell.swift */ = {isa = PBXFileReference; lastKnownFileType = sourcecode.swift; path = NewActivityTextFieldCell.swift; sourceTree = "<group>"; };
		B566E1EF2BD0DE0600A843B4 /* NewActivityDescriptionTextCell.swift */ = {isa = PBXFileReference; lastKnownFileType = sourcecode.swift; path = NewActivityDescriptionTextCell.swift; sourceTree = "<group>"; };
		B566E2132BD7703500A843B4 /* AboutImageView.swift */ = {isa = PBXFileReference; lastKnownFileType = sourcecode.swift; path = AboutImageView.swift; sourceTree = "<group>"; };
		B566E2152BD772A100A843B4 /* AboutTableViewCell.swift */ = {isa = PBXFileReference; lastKnownFileType = sourcecode.swift; path = AboutTableViewCell.swift; sourceTree = "<group>"; };
		B566E2172BD9EA3D00A843B4 /* DiscoverTableViewController.swift */ = {isa = PBXFileReference; lastKnownFileType = sourcecode.swift; path = DiscoverTableViewController.swift; sourceTree = "<group>"; };
		B566E21F2BDCAD5200A843B4 /* ActivitiesData.swift */ = {isa = PBXFileReference; lastKnownFileType = sourcecode.swift; path = ActivitiesData.swift; sourceTree = "<group>"; };
		B566E2212BDCAD6300A843B4 /* NetworkManager.swift */ = {isa = PBXFileReference; lastKnownFileType = sourcecode.swift; path = NetworkManager.swift; sourceTree = "<group>"; };
		B56E138C2B8C0AD7005B027C /* ActivitiesNM.app */ = {isa = PBXFileReference; explicitFileType = wrapper.application; includeInIndex = 0; path = ActivitiesNM.app; sourceTree = BUILT_PRODUCTS_DIR; };
		B56E138F2B8C0AD7005B027C /* AppDelegate.swift */ = {isa = PBXFileReference; lastKnownFileType = sourcecode.swift; path = AppDelegate.swift; sourceTree = "<group>"; };
		B56E13912B8C0AD7005B027C /* SceneDelegate.swift */ = {isa = PBXFileReference; lastKnownFileType = sourcecode.swift; path = SceneDelegate.swift; sourceTree = "<group>"; };
		B56E13982B8C0AD8005B027C /* Assets.xcassets */ = {isa = PBXFileReference; lastKnownFileType = folder.assetcatalog; path = Assets.xcassets; sourceTree = "<group>"; };
		B56E139D2B8C0AD8005B027C /* Info.plist */ = {isa = PBXFileReference; lastKnownFileType = text.plist.xml; path = Info.plist; sourceTree = "<group>"; };
		B56E13A32B8C0B3C005B027C /* ActivitiesTableViewController.swift */ = {isa = PBXFileReference; lastKnownFileType = sourcecode.swift; path = ActivitiesTableViewController.swift; sourceTree = "<group>"; };
		B56E13A52B8C116B005B027C /* ActivitiesTableViewCell.swift */ = {isa = PBXFileReference; lastKnownFileType = sourcecode.swift; path = ActivitiesTableViewCell.swift; sourceTree = "<group>"; };
		B56E13AC2B8C5F79005B027C /* Activity.swift */ = {isa = PBXFileReference; lastKnownFileType = sourcecode.swift; path = Activity.swift; sourceTree = "<group>"; };
		B5ECD3332B8DB826005B5F53 /* ActivityTableViewDiffableDataSource.swift */ = {isa = PBXFileReference; lastKnownFileType = sourcecode.swift; path = ActivityTableViewDiffableDataSource.swift; sourceTree = "<group>"; };
		B5ECD3372B901290005B5F53 /* ActivityDetailViewController.swift */ = {isa = PBXFileReference; lastKnownFileType = sourcecode.swift; path = ActivityDetailViewController.swift; sourceTree = "<group>"; };
		B5ECD34B2B91A2C9005B5F53 /* Nunito-Bold.ttf */ = {isa = PBXFileReference; lastKnownFileType = file; path = "Nunito-Bold.ttf"; sourceTree = "<group>"; };
		B5ECD34C2B91A2C9005B5F53 /* Nunito-Regular.ttf */ = {isa = PBXFileReference; lastKnownFileType = file; path = "Nunito-Regular.ttf"; sourceTree = "<group>"; };
		B5ECD34F2B91A371005B5F53 /* ActivityDetailHeaderView.swift */ = {isa = PBXFileReference; lastKnownFileType = sourcecode.swift; path = ActivityDetailHeaderView.swift; sourceTree = "<group>"; };
		B5ECD3512B92CF99005B5F53 /* ActivityDetailTextCell.swift */ = {isa = PBXFileReference; lastKnownFileType = sourcecode.swift; path = ActivityDetailTextCell.swift; sourceTree = "<group>"; };
		B5ECD3532B92CFF2005B5F53 /* ActivityDetailTwoColumnCell.swift */ = {isa = PBXFileReference; lastKnownFileType = sourcecode.swift; path = ActivityDetailTwoColumnCell.swift; sourceTree = "<group>"; };
		B5ECD35B2B95A1BA005B5F53 /* UIColorExtension.swift */ = {isa = PBXFileReference; lastKnownFileType = sourcecode.swift; path = UIColorExtension.swift; sourceTree = "<group>"; };
		B5ECD3632B97DA7D005B5F53 /* ActivityDetailMapCell.swift */ = {isa = PBXFileReference; lastKnownFileType = sourcecode.swift; path = ActivityDetailMapCell.swift; sourceTree = "<group>"; };
		B5ECD3652B97DF72005B5F53 /* MapViewController.swift */ = {isa = PBXFileReference; lastKnownFileType = sourcecode.swift; path = MapViewController.swift; sourceTree = "<group>"; };
		B5ECD3692B99E0F8005B5F53 /* ReviewViewController.swift */ = {isa = PBXFileReference; lastKnownFileType = sourcecode.swift; path = ReviewViewController.swift; sourceTree = "<group>"; };
		B5ECD36F2BA0067A005B5F53 /* RoundedTextField.swift */ = {isa = PBXFileReference; lastKnownFileType = sourcecode.swift; path = RoundedTextField.swift; sourceTree = "<group>"; };
		B5ECD3712BA0081A005B5F53 /* NewActivityController.swift */ = {isa = PBXFileReference; lastKnownFileType = sourcecode.swift; path = NewActivityController.swift; sourceTree = "<group>"; };
		B5FB85A82BA2B21E0085D241 /* ActivitiesNM.xcdatamodel */ = {isa = PBXFileReference; lastKnownFileType = wrapper.xcdatamodel; path = ActivitiesNM.xcdatamodel; sourceTree = "<group>"; };
/* End PBXFileReference section */

/* Begin PBXFrameworksBuildPhase section */
		B54C36522C156D71007FD4E7 /* Frameworks */ = {
			isa = PBXFrameworksBuildPhase;
			buildActionMask = 2147483647;
			files = (
			);
			runOnlyForDeploymentPostprocessing = 0;
		};
		B56E13892B8C0AD7005B027C /* Frameworks */ = {
			isa = PBXFrameworksBuildPhase;
			buildActionMask = 2147483647;
			files = (
			);
			runOnlyForDeploymentPostprocessing = 0;
		};
/* End PBXFrameworksBuildPhase section */

/* Begin PBXGroup section */
		B56E13832B8C0AD7005B027C = {
			isa = PBXGroup;
			children = (
				B56E138E2B8C0AD7005B027C /* ActivitiesNM */,
				B56E138D2B8C0AD7005B027C /* Products */,
			);
			sourceTree = "<group>";
		};
		B56E138D2B8C0AD7005B027C /* Products */ = {
			isa = PBXGroup;
			children = (
				B56E138C2B8C0AD7005B027C /* ActivitiesNM.app */,
				B54C36552C156D71007FD4E7 /* ActivitiesNMTests.xctest */,
			);
			name = Products;
			sourceTree = "<group>";
		};
		B56E138E2B8C0AD7005B027C /* ActivitiesNM */ = {
			isa = PBXGroup;
			children = (
				B5ECD35A2B95A186005B5F53 /* Extensions */,
				B5ECD3492B91A2AA005B5F53 /* Resources */,
				B56E138F2B8C0AD7005B027C /* AppDelegate.swift */,
				B56E13912B8C0AD7005B027C /* SceneDelegate.swift */,
				B56E13B02B8C643F005B027C /* Model */,
				B56E13AF2B8C6432005B027C /* View */,
				B56E13AE2B8C6428005B027C /* Controller */,
				B56E13982B8C0AD8005B027C /* Assets.xcassets */,
				B56E139D2B8C0AD8005B027C /* Info.plist */,
				B5FB85A72BA2B21E0085D241 /* ActivitiesNM.xcdatamodeld */,
			);
			path = ActivitiesNM;
			sourceTree = "<group>";
		};
		B56E13AE2B8C6428005B027C /* Controller */ = {
			isa = PBXGroup;
			children = (
				B566E1B42BC258EE00A843B4 /* TabBarController.swift */,
				B56E13A32B8C0B3C005B027C /* ActivitiesTableViewController.swift */,
				B5ECD3372B901290005B5F53 /* ActivityDetailViewController.swift */,
				B5ECD3652B97DF72005B5F53 /* MapViewController.swift */,
				B5ECD3692B99E0F8005B5F53 /* ReviewViewController.swift */,
				B5ECD3712BA0081A005B5F53 /* NewActivityController.swift */,
				B566E1B02BBE5CDC00A843B4 /* AboutTableViewController.swift */,
				B566E1B22BBE67A200A843B4 /* WebViewController.swift */,
				B566E2172BD9EA3D00A843B4 /* DiscoverTableViewController.swift */,
			);
			path = Controller;
			sourceTree = "<group>";
		};
		B56E13AF2B8C6432005B027C /* View */ = {
			isa = PBXGroup;
			children = (
				B56E13A52B8C116B005B027C /* ActivitiesTableViewCell.swift */,
				B566E1E32BC78BE100A843B4 /* ActivityDetailView.swift */,
				B5ECD34F2B91A371005B5F53 /* ActivityDetailHeaderView.swift */,
				B566E1E72BCCAEB600A843B4 /* ActivityDetailFooterView.swift */,
				B5ECD3512B92CF99005B5F53 /* ActivityDetailTextCell.swift */,
				B5ECD3532B92CFF2005B5F53 /* ActivityDetailTwoColumnCell.swift */,
				B5ECD3632B97DA7D005B5F53 /* ActivityDetailMapCell.swift */,
				B566E1E92BCF4B3D00A843B4 /* ReviewView.swift */,
				B5ECD36F2BA0067A005B5F53 /* RoundedTextField.swift */,
				B566E1EB2BD0D2D300A843B4 /* NewActivityPhotoCell.swift */,
				B566E1ED2BD0D59A00A843B4 /* NewActivityTextFieldCell.swift */,
				B566E1EF2BD0DE0600A843B4 /* NewActivityDescriptionTextCell.swift */,
				B566E2132BD7703500A843B4 /* AboutImageView.swift */,
				B566E2152BD772A100A843B4 /* AboutTableViewCell.swift */,
			);
			path = View;
			sourceTree = "<group>";
		};
		B56E13B02B8C643F005B027C /* Model */ = {
			isa = PBXGroup;
			children = (
				B56E13AC2B8C5F79005B027C /* Activity.swift */,
				B5ECD3332B8DB826005B5F53 /* ActivityTableViewDiffableDataSource.swift */,
				B566E21F2BDCAD5200A843B4 /* ActivitiesData.swift */,
				B566E2212BDCAD6300A843B4 /* NetworkManager.swift */,
			);
			path = Model;
			sourceTree = "<group>";
		};
		B5ECD3492B91A2AA005B5F53 /* Resources */ = {
			isa = PBXGroup;
			children = (
				B5ECD34A2B91A2B3005B5F53 /* Fonts */,
			);
			path = Resources;
			sourceTree = "<group>";
		};
		B5ECD34A2B91A2B3005B5F53 /* Fonts */ = {
			isa = PBXGroup;
			children = (
				B5ECD34B2B91A2C9005B5F53 /* Nunito-Bold.ttf */,
				B5ECD34C2B91A2C9005B5F53 /* Nunito-Regular.ttf */,
			);
			path = Fonts;
			sourceTree = "<group>";
		};
		B5ECD35A2B95A186005B5F53 /* Extensions */ = {
			isa = PBXGroup;
			children = (
				B5ECD35B2B95A1BA005B5F53 /* UIColorExtension.swift */,
			);
			path = Extensions;
			sourceTree = "<group>";
		};
/* End PBXGroup section */

/* Begin PBXNativeTarget section */
		B54C36542C156D71007FD4E7 /* ActivitiesNMTests */ = {
			isa = PBXNativeTarget;
			buildConfigurationList = B54C365B2C156D71007FD4E7 /* Build configuration list for PBXNativeTarget "ActivitiesNMTests" */;
			buildPhases = (
				B54C36512C156D71007FD4E7 /* Sources */,
				B54C36522C156D71007FD4E7 /* Frameworks */,
				B54C36532C156D71007FD4E7 /* Resources */,
			);
			buildRules = (
			);
			dependencies = (
				B54C365A2C156D71007FD4E7 /* PBXTargetDependency */,
			);
			name = ActivitiesNMTests;
			productName = ActivitiesNMTests;
			productReference = B54C36552C156D71007FD4E7 /* ActivitiesNMTests.xctest */;
			productType = "com.apple.product-type.bundle.unit-test";
		};
		B56E138B2B8C0AD7005B027C /* ActivitiesNM */ = {
			isa = PBXNativeTarget;
			buildConfigurationList = B56E13A02B8C0AD8005B027C /* Build configuration list for PBXNativeTarget "ActivitiesNM" */;
			buildPhases = (
				B56E13882B8C0AD7005B027C /* Sources */,
				B56E13892B8C0AD7005B027C /* Frameworks */,
				B56E138A2B8C0AD7005B027C /* Resources */,
			);
			buildRules = (
			);
			dependencies = (
			);
			name = ActivitiesNM;
			productName = ActivitiesNM;
			productReference = B56E138C2B8C0AD7005B027C /* ActivitiesNM.app */;
			productType = "com.apple.product-type.application";
		};
/* End PBXNativeTarget section */

/* Begin PBXProject section */
		B56E13842B8C0AD7005B027C /* Project object */ = {
			isa = PBXProject;
			attributes = {
				BuildIndependentTargetsInParallel = 1;
				LastSwiftUpdateCheck = 1530;
				LastUpgradeCheck = 1500;
				TargetAttributes = {
					B54C36542C156D71007FD4E7 = {
						CreatedOnToolsVersion = 15.3;
						TestTargetID = B56E138B2B8C0AD7005B027C;
					};
					B56E138B2B8C0AD7005B027C = {
						CreatedOnToolsVersion = 15.0.1;
					};
				};
			};
			buildConfigurationList = B56E13872B8C0AD7005B027C /* Build configuration list for PBXProject "ActivitiesNM" */;
			compatibilityVersion = "Xcode 14.0";
			developmentRegion = en;
			hasScannedForEncodings = 0;
			knownRegions = (
				en,
				Base,
			);
			mainGroup = B56E13832B8C0AD7005B027C;
			productRefGroup = B56E138D2B8C0AD7005B027C /* Products */;
			projectDirPath = "";
			projectRoot = "";
			targets = (
				B56E138B2B8C0AD7005B027C /* ActivitiesNM */,
				B54C36542C156D71007FD4E7 /* ActivitiesNMTests */,
			);
		};
/* End PBXProject section */

/* Begin PBXResourcesBuildPhase section */
		B54C36532C156D71007FD4E7 /* Resources */ = {
			isa = PBXResourcesBuildPhase;
			buildActionMask = 2147483647;
			files = (
			);
			runOnlyForDeploymentPostprocessing = 0;
		};
		B56E138A2B8C0AD7005B027C /* Resources */ = {
			isa = PBXResourcesBuildPhase;
			buildActionMask = 2147483647;
			files = (
				B5ECD34E2B91A2C9005B5F53 /* Nunito-Regular.ttf in Resources */,
				B56E13992B8C0AD8005B027C /* Assets.xcassets in Resources */,
				B5ECD34D2B91A2C9005B5F53 /* Nunito-Bold.ttf in Resources */,
			);
			runOnlyForDeploymentPostprocessing = 0;
		};
/* End PBXResourcesBuildPhase section */

/* Begin PBXSourcesBuildPhase section */
		B54C36512C156D71007FD4E7 /* Sources */ = {
			isa = PBXSourcesBuildPhase;
			buildActionMask = 2147483647;
			files = (
			);
			runOnlyForDeploymentPostprocessing = 0;
		};
		B56E13882B8C0AD7005B027C /* Sources */ = {
			isa = PBXSourcesBuildPhase;
			buildActionMask = 2147483647;
			files = (
				B566E2142BD7703500A843B4 /* AboutImageView.swift in Sources */,
				B5ECD3642B97DA7D005B5F53 /* ActivityDetailMapCell.swift in Sources */,
				B56E13A62B8C116B005B027C /* ActivitiesTableViewCell.swift in Sources */,
				B566E1B12BBE5CDC00A843B4 /* AboutTableViewController.swift in Sources */,
				B5ECD36A2B99E0F8005B5F53 /* ReviewViewController.swift in Sources */,
				B566E2202BDCAD5200A843B4 /* ActivitiesData.swift in Sources */,
				B56E13A42B8C0B3C005B027C /* ActivitiesTableViewController.swift in Sources */,
				B5ECD3382B901291005B5F53 /* ActivityDetailViewController.swift in Sources */,
				B566E1E42BC78BE100A843B4 /* ActivityDetailView.swift in Sources */,
				B566E2222BDCAD6300A843B4 /* NetworkManager.swift in Sources */,
				B5ECD3342B8DB826005B5F53 /* ActivityTableViewDiffableDataSource.swift in Sources */,
				B566E1EC2BD0D2D300A843B4 /* NewActivityPhotoCell.swift in Sources */,
				B566E1EA2BCF4B3D00A843B4 /* ReviewView.swift in Sources */,
				B566E1B52BC258EE00A843B4 /* TabBarController.swift in Sources */,
				B56E13902B8C0AD7005B027C /* AppDelegate.swift in Sources */,
				B5ECD3502B91A371005B5F53 /* ActivityDetailHeaderView.swift in Sources */,
				B5ECD3542B92CFF2005B5F53 /* ActivityDetailTwoColumnCell.swift in Sources */,
				B56E13AD2B8C5F79005B027C /* Activity.swift in Sources */,
				B566E1F02BD0DE0600A843B4 /* NewActivityDescriptionTextCell.swift in Sources */,
				B5ECD3702BA0067A005B5F53 /* RoundedTextField.swift in Sources */,
				B566E1B32BBE67A200A843B4 /* WebViewController.swift in Sources */,
				B566E1EE2BD0D59A00A843B4 /* NewActivityTextFieldCell.swift in Sources */,
				B5ECD35C2B95A1BA005B5F53 /* UIColorExtension.swift in Sources */,
				B56E13922B8C0AD7005B027C /* SceneDelegate.swift in Sources */,
				B566E2162BD772A100A843B4 /* AboutTableViewCell.swift in Sources */,
				B5ECD3722BA0081A005B5F53 /* NewActivityController.swift in Sources */,
				B5ECD3522B92CF99005B5F53 /* ActivityDetailTextCell.swift in Sources */,
				B566E2182BD9EA3D00A843B4 /* DiscoverTableViewController.swift in Sources */,
				B566E1E82BCCAEB600A843B4 /* ActivityDetailFooterView.swift in Sources */,
				B5ECD3662B97DF72005B5F53 /* MapViewController.swift in Sources */,
				B5FB85A92BA2B21E0085D241 /* ActivitiesNM.xcdatamodeld in Sources */,
			);
			runOnlyForDeploymentPostprocessing = 0;
		};
/* End PBXSourcesBuildPhase section */

/* Begin PBXTargetDependency section */
		B54C365A2C156D71007FD4E7 /* PBXTargetDependency */ = {
			isa = PBXTargetDependency;
			target = B56E138B2B8C0AD7005B027C /* ActivitiesNM */;
			targetProxy = B54C36592C156D71007FD4E7 /* PBXContainerItemProxy */;
		};
/* End PBXTargetDependency section */

/* Begin XCBuildConfiguration section */
		B54C365C2C156D71007FD4E7 /* Debug */ = {
			isa = XCBuildConfiguration;
			buildSettings = {
				BUNDLE_LOADER = "$(TEST_HOST)";
				CODE_SIGN_STYLE = Automatic;
				CURRENT_PROJECT_VERSION = 1;
				DEVELOPMENT_TEAM = 77V265CWY9;
				GENERATE_INFOPLIST_FILE = YES;
				IPHONEOS_DEPLOYMENT_TARGET = 17.4;
				MARKETING_VERSION = 1.0;
				PRODUCT_BUNDLE_IDENTIFIER = com.KonstantinGolovnya.ActivitiesNMTests;
				PRODUCT_NAME = "$(TARGET_NAME)";
				SWIFT_EMIT_LOC_STRINGS = NO;
				SWIFT_VERSION = 5.0;
				TARGETED_DEVICE_FAMILY = "1,2";
				TEST_HOST = "$(BUILT_PRODUCTS_DIR)/ActivitiesNM.app/$(BUNDLE_EXECUTABLE_FOLDER_PATH)/ActivitiesNM";
			};
			name = Debug;
		};
		B54C365D2C156D71007FD4E7 /* Release */ = {
			isa = XCBuildConfiguration;
			buildSettings = {
				BUNDLE_LOADER = "$(TEST_HOST)";
				CODE_SIGN_STYLE = Automatic;
				CURRENT_PROJECT_VERSION = 1;
				DEVELOPMENT_TEAM = 77V265CWY9;
				GENERATE_INFOPLIST_FILE = YES;
				IPHONEOS_DEPLOYMENT_TARGET = 17.4;
				MARKETING_VERSION = 1.0;
				PRODUCT_BUNDLE_IDENTIFIER = com.KonstantinGolovnya.ActivitiesNMTests;
				PRODUCT_NAME = "$(TARGET_NAME)";
				SWIFT_EMIT_LOC_STRINGS = NO;
				SWIFT_VERSION = 5.0;
				TARGETED_DEVICE_FAMILY = "1,2";
				TEST_HOST = "$(BUILT_PRODUCTS_DIR)/ActivitiesNM.app/$(BUNDLE_EXECUTABLE_FOLDER_PATH)/ActivitiesNM";
			};
			name = Release;
		};
		B56E139E2B8C0AD8005B027C /* Debug */ = {
			isa = XCBuildConfiguration;
			buildSettings = {
				ALWAYS_SEARCH_USER_PATHS = NO;
				ASSETCATALOG_COMPILER_GENERATE_SWIFT_ASSET_SYMBOL_EXTENSIONS = YES;
				CLANG_ANALYZER_NONNULL = YES;
				CLANG_ANALYZER_NUMBER_OBJECT_CONVERSION = YES_AGGRESSIVE;
				CLANG_CXX_LANGUAGE_STANDARD = "gnu++20";
				CLANG_ENABLE_MODULES = YES;
				CLANG_ENABLE_OBJC_ARC = YES;
				CLANG_ENABLE_OBJC_WEAK = YES;
				CLANG_WARN_BLOCK_CAPTURE_AUTORELEASING = YES;
				CLANG_WARN_BOOL_CONVERSION = YES;
				CLANG_WARN_COMMA = YES;
				CLANG_WARN_CONSTANT_CONVERSION = YES;
				CLANG_WARN_DEPRECATED_OBJC_IMPLEMENTATIONS = YES;
				CLANG_WARN_DIRECT_OBJC_ISA_USAGE = YES_ERROR;
				CLANG_WARN_DOCUMENTATION_COMMENTS = YES;
				CLANG_WARN_EMPTY_BODY = YES;
				CLANG_WARN_ENUM_CONVERSION = YES;
				CLANG_WARN_INFINITE_RECURSION = YES;
				CLANG_WARN_INT_CONVERSION = YES;
				CLANG_WARN_NON_LITERAL_NULL_CONVERSION = YES;
				CLANG_WARN_OBJC_IMPLICIT_RETAIN_SELF = YES;
				CLANG_WARN_OBJC_LITERAL_CONVERSION = YES;
				CLANG_WARN_OBJC_ROOT_CLASS = YES_ERROR;
				CLANG_WARN_QUOTED_INCLUDE_IN_FRAMEWORK_HEADER = YES;
				CLANG_WARN_RANGE_LOOP_ANALYSIS = YES;
				CLANG_WARN_STRICT_PROTOTYPES = YES;
				CLANG_WARN_SUSPICIOUS_MOVE = YES;
				CLANG_WARN_UNGUARDED_AVAILABILITY = YES_AGGRESSIVE;
				CLANG_WARN_UNREACHABLE_CODE = YES;
				CLANG_WARN__DUPLICATE_METHOD_MATCH = YES;
				COPY_PHASE_STRIP = NO;
				DEBUG_INFORMATION_FORMAT = dwarf;
				ENABLE_STRICT_OBJC_MSGSEND = YES;
				ENABLE_TESTABILITY = YES;
				ENABLE_USER_SCRIPT_SANDBOXING = YES;
				GCC_C_LANGUAGE_STANDARD = gnu17;
				GCC_DYNAMIC_NO_PIC = NO;
				GCC_NO_COMMON_BLOCKS = YES;
				GCC_OPTIMIZATION_LEVEL = 0;
				GCC_PREPROCESSOR_DEFINITIONS = (
					"DEBUG=1",
					"$(inherited)",
				);
				GCC_WARN_64_TO_32_BIT_CONVERSION = YES;
				GCC_WARN_ABOUT_RETURN_TYPE = YES_ERROR;
				GCC_WARN_UNDECLARED_SELECTOR = YES;
				GCC_WARN_UNINITIALIZED_AUTOS = YES_AGGRESSIVE;
				GCC_WARN_UNUSED_FUNCTION = YES;
				GCC_WARN_UNUSED_VARIABLE = YES;
				IPHONEOS_DEPLOYMENT_TARGET = 17.0;
				LOCALIZATION_PREFERS_STRING_CATALOGS = YES;
				MTL_ENABLE_DEBUG_INFO = INCLUDE_SOURCE;
				MTL_FAST_MATH = YES;
				ONLY_ACTIVE_ARCH = YES;
				SDKROOT = iphoneos;
				SWIFT_ACTIVE_COMPILATION_CONDITIONS = "DEBUG $(inherited)";
				SWIFT_OPTIMIZATION_LEVEL = "-Onone";
			};
			name = Debug;
		};
		B56E139F2B8C0AD8005B027C /* Release */ = {
			isa = XCBuildConfiguration;
			buildSettings = {
				ALWAYS_SEARCH_USER_PATHS = NO;
				ASSETCATALOG_COMPILER_GENERATE_SWIFT_ASSET_SYMBOL_EXTENSIONS = YES;
				CLANG_ANALYZER_NONNULL = YES;
				CLANG_ANALYZER_NUMBER_OBJECT_CONVERSION = YES_AGGRESSIVE;
				CLANG_CXX_LANGUAGE_STANDARD = "gnu++20";
				CLANG_ENABLE_MODULES = YES;
				CLANG_ENABLE_OBJC_ARC = YES;
				CLANG_ENABLE_OBJC_WEAK = YES;
				CLANG_WARN_BLOCK_CAPTURE_AUTORELEASING = YES;
				CLANG_WARN_BOOL_CONVERSION = YES;
				CLANG_WARN_COMMA = YES;
				CLANG_WARN_CONSTANT_CONVERSION = YES;
				CLANG_WARN_DEPRECATED_OBJC_IMPLEMENTATIONS = YES;
				CLANG_WARN_DIRECT_OBJC_ISA_USAGE = YES_ERROR;
				CLANG_WARN_DOCUMENTATION_COMMENTS = YES;
				CLANG_WARN_EMPTY_BODY = YES;
				CLANG_WARN_ENUM_CONVERSION = YES;
				CLANG_WARN_INFINITE_RECURSION = YES;
				CLANG_WARN_INT_CONVERSION = YES;
				CLANG_WARN_NON_LITERAL_NULL_CONVERSION = YES;
				CLANG_WARN_OBJC_IMPLICIT_RETAIN_SELF = YES;
				CLANG_WARN_OBJC_LITERAL_CONVERSION = YES;
				CLANG_WARN_OBJC_ROOT_CLASS = YES_ERROR;
				CLANG_WARN_QUOTED_INCLUDE_IN_FRAMEWORK_HEADER = YES;
				CLANG_WARN_RANGE_LOOP_ANALYSIS = YES;
				CLANG_WARN_STRICT_PROTOTYPES = YES;
				CLANG_WARN_SUSPICIOUS_MOVE = YES;
				CLANG_WARN_UNGUARDED_AVAILABILITY = YES_AGGRESSIVE;
				CLANG_WARN_UNREACHABLE_CODE = YES;
				CLANG_WARN__DUPLICATE_METHOD_MATCH = YES;
				COPY_PHASE_STRIP = NO;
				DEBUG_INFORMATION_FORMAT = "dwarf-with-dsym";
				ENABLE_NS_ASSERTIONS = NO;
				ENABLE_STRICT_OBJC_MSGSEND = YES;
				ENABLE_USER_SCRIPT_SANDBOXING = YES;
				GCC_C_LANGUAGE_STANDARD = gnu17;
				GCC_NO_COMMON_BLOCKS = YES;
				GCC_WARN_64_TO_32_BIT_CONVERSION = YES;
				GCC_WARN_ABOUT_RETURN_TYPE = YES_ERROR;
				GCC_WARN_UNDECLARED_SELECTOR = YES;
				GCC_WARN_UNINITIALIZED_AUTOS = YES_AGGRESSIVE;
				GCC_WARN_UNUSED_FUNCTION = YES;
				GCC_WARN_UNUSED_VARIABLE = YES;
				IPHONEOS_DEPLOYMENT_TARGET = 17.0;
				LOCALIZATION_PREFERS_STRING_CATALOGS = YES;
				MTL_ENABLE_DEBUG_INFO = NO;
				MTL_FAST_MATH = YES;
				SDKROOT = iphoneos;
				SWIFT_COMPILATION_MODE = wholemodule;
				VALIDATE_PRODUCT = YES;
			};
			name = Release;
		};
		B56E13A12B8C0AD8005B027C /* Debug */ = {
			isa = XCBuildConfiguration;
			buildSettings = {
				ASSETCATALOG_COMPILER_APPICON_NAME = AppIcon;
				ASSETCATALOG_COMPILER_GLOBAL_ACCENT_COLOR_NAME = AccentColor;
				CODE_SIGN_STYLE = Automatic;
				CURRENT_PROJECT_VERSION = 1;
				DEVELOPMENT_TEAM = 77V265CWY9;
				GENERATE_INFOPLIST_FILE = YES;
				INFOPLIST_FILE = ActivitiesNM/Info.plist;
				INFOPLIST_KEY_NSCameraUsageDescription = "Пожалуйста, предоставьте доступ к камере для того чтобы сделать фото.";
				INFOPLIST_KEY_NSPhotoLibraryUsageDescription = "Пожалуйста, предоставьте доступ к библиотеке для того чтобы выбрать фото.";
				INFOPLIST_KEY_UIApplicationSupportsIndirectInputEvents = YES;
				INFOPLIST_KEY_UILaunchStoryboardName = LaunchScreen;
				INFOPLIST_KEY_UISupportedInterfaceOrientations_iPad = "UIInterfaceOrientationPortrait UIInterfaceOrientationPortraitUpsideDown UIInterfaceOrientationLandscapeLeft UIInterfaceOrientationLandscapeRight";
				INFOPLIST_KEY_UISupportedInterfaceOrientations_iPhone = "UIInterfaceOrientationPortrait UIInterfaceOrientationLandscapeLeft UIInterfaceOrientationLandscapeRight";
				LD_RUNPATH_SEARCH_PATHS = (
					"$(inherited)",
					"@executable_path/Frameworks",
				);
				MARKETING_VERSION = 1.0;
				PRODUCT_BUNDLE_IDENTIFIER = com.KonstantinGolovnya.ActivitiesNM;
				PRODUCT_NAME = "$(TARGET_NAME)";
				SWIFT_EMIT_LOC_STRINGS = YES;
				SWIFT_VERSION = 5.0;
				TARGETED_DEVICE_FAMILY = "1,2";
			};
			name = Debug;
		};
		B56E13A22B8C0AD8005B027C /* Release */ = {
			isa = XCBuildConfiguration;
			buildSettings = {
				ASSETCATALOG_COMPILER_APPICON_NAME = AppIcon;
				ASSETCATALOG_COMPILER_GLOBAL_ACCENT_COLOR_NAME = AccentColor;
				CODE_SIGN_STYLE = Automatic;
				CURRENT_PROJECT_VERSION = 1;
				DEVELOPMENT_TEAM = 77V265CWY9;
				GENERATE_INFOPLIST_FILE = YES;
				INFOPLIST_FILE = ActivitiesNM/Info.plist;
				INFOPLIST_KEY_NSCameraUsageDescription = "Пожалуйста, предоставьте доступ к камере для того чтобы сделать фото.";
				INFOPLIST_KEY_NSPhotoLibraryUsageDescription = "Пожалуйста, предоставьте доступ к библиотеке для того чтобы выбрать фото.";
				INFOPLIST_KEY_UIApplicationSupportsIndirectInputEvents = YES;
				INFOPLIST_KEY_UILaunchStoryboardName = LaunchScreen;
				INFOPLIST_KEY_UISupportedInterfaceOrientations_iPad = "UIInterfaceOrientationPortrait UIInterfaceOrientationPortraitUpsideDown UIInterfaceOrientationLandscapeLeft UIInterfaceOrientationLandscapeRight";
				INFOPLIST_KEY_UISupportedInterfaceOrientations_iPhone = "UIInterfaceOrientationPortrait UIInterfaceOrientationLandscapeLeft UIInterfaceOrientationLandscapeRight";
				LD_RUNPATH_SEARCH_PATHS = (
					"$(inherited)",
					"@executable_path/Frameworks",
				);
				MARKETING_VERSION = 1.0;
				PRODUCT_BUNDLE_IDENTIFIER = com.KonstantinGolovnya.ActivitiesNM;
				PRODUCT_NAME = "$(TARGET_NAME)";
				SWIFT_EMIT_LOC_STRINGS = YES;
				SWIFT_VERSION = 5.0;
				TARGETED_DEVICE_FAMILY = "1,2";
			};
			name = Release;
		};
/* End XCBuildConfiguration section */

/* Begin XCConfigurationList section */
		B54C365B2C156D71007FD4E7 /* Build configuration list for PBXNativeTarget "ActivitiesNMTests" */ = {
			isa = XCConfigurationList;
			buildConfigurations = (
				B54C365C2C156D71007FD4E7 /* Debug */,
				B54C365D2C156D71007FD4E7 /* Release */,
			);
			defaultConfigurationIsVisible = 0;
			defaultConfigurationName = Release;
		};
		B56E13872B8C0AD7005B027C /* Build configuration list for PBXProject "ActivitiesNM" */ = {
			isa = XCConfigurationList;
			buildConfigurations = (
				B56E139E2B8C0AD8005B027C /* Debug */,
				B56E139F2B8C0AD8005B027C /* Release */,
			);
			defaultConfigurationIsVisible = 0;
			defaultConfigurationName = Release;
		};
		B56E13A02B8C0AD8005B027C /* Build configuration list for PBXNativeTarget "ActivitiesNM" */ = {
			isa = XCConfigurationList;
			buildConfigurations = (
				B56E13A12B8C0AD8005B027C /* Debug */,
				B56E13A22B8C0AD8005B027C /* Release */,
			);
			defaultConfigurationIsVisible = 0;
			defaultConfigurationName = Release;
		};
/* End XCConfigurationList section */

/* Begin XCVersionGroup section */
		B5FB85A72BA2B21E0085D241 /* ActivitiesNM.xcdatamodeld */ = {
			isa = XCVersionGroup;
			children = (
				B5FB85A82BA2B21E0085D241 /* ActivitiesNM.xcdatamodel */,
			);
			currentVersion = B5FB85A82BA2B21E0085D241 /* ActivitiesNM.xcdatamodel */;
			path = ActivitiesNM.xcdatamodeld;
			sourceTree = "<group>";
			versionGroupType = wrapper.xcdatamodel;
		};
/* End XCVersionGroup section */
	};
	rootObject = B56E13842B8C0AD7005B027C /* Project object */;
}
